
Microsoft Visual Studio Solution File, Format Version 12.00
# Visual Studio Version 17
VisualStudioVersion = 17.8.34511.84
MinimumVisualStudioVersion = 10.0.40219.1
Project("{FAE04EC0-301F-11D3-BF4B-00C04F79EFBC}") = "2024FinalYearProject", "2024FinalYearProject\2024FinalYearProject.csproj", "{F03F3F8B-74A6-47EE-8E46-0CE93BC31B83}"
EndProject
Global
	GlobalSection(SolutionConfigurationPlatforms) = preSolution
		Debug|Any CPU = Debug|Any CPU
		Release|Any CPU = Release|Any CPU
	EndGlobalSection
	GlobalSection(ProjectConfigurationPlatforms) = postSolution
		{F03F3F8B-74A6-47EE-8E46-0CE93BC31B83}.Debug|Any CPU.ActiveCfg = Debug|Any CPU
		{F03F3F8B-74A6-47EE-8E46-0CE93BC31B83}.Debug|Any CPU.Build.0 = Debug|Any CPU
		{F03F3F8B-74A6-47EE-8E46-0CE93BC31B83}.Release|Any CPU.ActiveCfg = Release|Any CPU
		{F03F3F8B-74A6-47EE-8E46-0CE93BC31B83}.Release|Any CPU.Build.0 = Release|Any CPU
	EndGlobalSection
	GlobalSection(SolutionProperties) = preSolution
		HideSolutionNode = FALSE
	EndGlobalSection
	GlobalSection(ExtensibilityGlobals) = postSolution
		SolutionGuid = {15F3B770-E551-4BCE-A99F-305C33A641F3}
	EndGlobalSection
EndGlobal
